
Microsoft Visual Studio Solution File, Format Version 12.00
# Visual Studio Version 17
VisualStudioVersion = 17.6.33723.286
MinimumVisualStudioVersion = 10.0.40219.1
Project("{FAE04EC0-301F-11D3-BF4B-00C04F79EFBC}") = "ModernDesign", "ModernDesign\ModernDesign.csproj", "{66672A5B-C349-4D38-B825-E11BFAD128D2}"
EndProject
Global
	GlobalSection(SolutionConfigurationPlatforms) = preSolution
		Debug|Any CPU = Debug|Any CPU
		Release|Any CPU = Release|Any CPU
	EndGlobalSection
	GlobalSection(ProjectConfigurationPlatforms) = postSolution
		{66672A5B-C349-4D38-B825-E11BFAD128D2}.Debug|Any CPU.ActiveCfg = Debug|Any CPU
		{66672A5B-C349-4D38-B825-E11BFAD128D2}.Debug|Any CPU.Build.0 = Debug|Any CPU
		{66672A5B-C349-4D38-B825-E11BFAD128D2}.Release|Any CPU.ActiveCfg = Release|Any CPU
		{66672A5B-C349-4D38-B825-E11BFAD128D2}.Release|Any CPU.Build.0 = Release|Any CPU
	EndGlobalSection
	GlobalSection(SolutionProperties) = preSolution
		HideSolutionNode = FALSE
	EndGlobalSection
	GlobalSection(ExtensibilityGlobals) = postSolution
		SolutionGuid = {0FD77BDC-968D-4215-8E2B-7EBC1C362D60}
	EndGlobalSection
EndGlobal
